
Microsoft Visual Studio Solution File, Format Version 12.00
# Visual Studio Version 16
VisualStudioVersion = 16.0.30717.126
MinimumVisualStudioVersion = 10.0.40219.1
Project("{8BC9CEB8-8B4A-11D0-8D11-00A0C91BC942}") = "server", "server.vcxproj", "{AAD3BD14-AB7C-4DD8-AFA2-4231B2359D16}"
EndProject
Global
	GlobalSection(SolutionConfigurationPlatforms) = preSolution
		Debug|x64 = Debug|x64
		Debug|x86 = Debug|x86
		Release|x64 = Release|x64
		Release|x86 = Release|x86
	EndGlobalSection
	GlobalSection(ProjectConfigurationPlatforms) = postSolution
		{AAD3BD14-AB7C-4DD8-AFA2-4231B2359D16}.Debug|x64.ActiveCfg = Debug|x64
		{AAD3BD14-AB7C-4DD8-AFA2-4231B2359D16}.Debug|x64.Build.0 = Debug|x64
		{AAD3BD14-AB7C-4DD8-AFA2-4231B2359D16}.Debug|x86.ActiveCfg = Debug|Win32
		{AAD3BD14-AB7C-4DD8-AFA2-4231B2359D16}.Debug|x86.Build.0 = Debug|Win32
		{AAD3BD14-AB7C-4DD8-AFA2-4231B2359D16}.Release|x64.ActiveCfg = Release|x64
		{AAD3BD14-AB7C-4DD8-AFA2-4231B2359D16}.Release|x64.Build.0 = Release|x64
		{AAD3BD14-AB7C-4DD8-AFA2-4231B2359D16}.Release|x86.ActiveCfg = Release|Win32
		{AAD3BD14-AB7C-4DD8-AFA2-4231B2359D16}.Release|x86.Build.0 = Release|Win32
	EndGlobalSection
	GlobalSection(SolutionProperties) = preSolution
		HideSolutionNode = FALSE
	EndGlobalSection
	GlobalSection(ExtensibilityGlobals) = postSolution
		SolutionGuid = {2DB37956-C350-4102-BF1F-990A1400CD3F}
	EndGlobalSection
EndGlobal
